{
  "name": "capital-finder",
  "version": "1.0.0",
  "lockfileVersion": 2,
  "requires": true,
  "packages": {
    "": {
      "name": "capital-finder",
      "version": "1.0.0",
      "license": "ISC",
      "dependencies": {
        "urllib3": "^0.0.1"
      },
      "devDependencies": {}
    },
    "node_modules/urllib3": {
      "version": "0.0.1",
      "resolved": "https://registry.npmjs.org/urllib3/-/urllib3-0.0.1.tgz",
      "integrity": "sha512-CeXltrCgk53F/cQKVNDF0uDx4/u4S+MnJRa2xfbZKMHTrPhndCQrC9BpiULC7QDPF/H9qOTY2lpSd5TnYfz2Fg=="
    }
  },
  "dependencies": {
    "urllib3": {
      "version": "0.0.1",
      "resolved": "https://registry.npmjs.org/urllib3/-/urllib3-0.0.1.tgz",
      "integrity": "sha512-CeXltrCgk53F/cQKVNDF0uDx4/u4S+MnJRa2xfbZKMHTrPhndCQrC9BpiULC7QDPF/H9qOTY2lpSd5TnYfz2Fg=="
    }
  }
}
